
Microsoft Visual Studio Solution File, Format Version 12.00
# Visual Studio Version 16
VisualStudioVersion = 16.0.31205.134
MinimumVisualStudioVersion = 10.0.40219.1
Project("{9A19103F-16F7-4668-BE54-9A1E7A4F7556}") = "Assignments", "ConsoleApp9\Assignments.csproj", "{2DECCA25-A14F-40D7-98F1-3A9BDE5E96A4}"
EndProject
Global
	GlobalSection(SolutionConfigurationPlatforms) = preSolution
		Debug|Any CPU = Debug|Any CPU
		Release|Any CPU = Release|Any CPU
	EndGlobalSection
	GlobalSection(ProjectConfigurationPlatforms) = postSolution
		{2DECCA25-A14F-40D7-98F1-3A9BDE5E96A4}.Debug|Any CPU.ActiveCfg = Debug|Any CPU
		{2DECCA25-A14F-40D7-98F1-3A9BDE5E96A4}.Debug|Any CPU.Build.0 = Debug|Any CPU
		{2DECCA25-A14F-40D7-98F1-3A9BDE5E96A4}.Release|Any CPU.ActiveCfg = Release|Any CPU
		{2DECCA25-A14F-40D7-98F1-3A9BDE5E96A4}.Release|Any CPU.Build.0 = Release|Any CPU
	EndGlobalSection
	GlobalSection(SolutionProperties) = preSolution
		HideSolutionNode = FALSE
	EndGlobalSection
	GlobalSection(ExtensibilityGlobals) = postSolution
		SolutionGuid = {4CF2A023-A0DB-461A-8D56-54DCA1978214}
	EndGlobalSection
EndGlobal
